
Microsoft Visual Studio Solution File, Format Version 12.00
# Visual Studio Version 16
VisualStudioVersion = 16.0.30523.141
MinimumVisualStudioVersion = 10.0.40219.1
Project("{9A19103F-16F7-4668-BE54-9A1E7A4F7556}") = "Ex-14BankAccount", "Ex-14BankAccount.csproj", "{50EAB564-2B91-4A6F-B13A-A5186AB6A314}"
EndProject
Project("{9A19103F-16F7-4668-BE54-9A1E7A4F7556}") = "Ex14-BankAccount.UnitTest", "..\Ex14-BankAccountAndSorting.UnitTest\Ex14-BankAccount.UnitTest.csproj", "{16DCA792-E2B2-4A2C-A0A2-7D054C612F4B}"
EndProject
Project("{9A19103F-16F7-4668-BE54-9A1E7A4F7556}") = "Ex14-ArraySorting", "..\Ex14-ArraySorting\Ex14-ArraySorting.csproj", "{F28097AC-04F3-43CC-B498-8C40AB61157A}"
EndProject
Project("{9A19103F-16F7-4668-BE54-9A1E7A4F7556}") = "Ex14-ArraySorting.UnitTest", "..\Ex14-ArraySorting.UnitTest\Ex14-ArraySorting.UnitTest.csproj", "{B24CE31E-006C-4899-BA47-CF0CC15BEB5C}"
EndProject
Global
	GlobalSection(SolutionConfigurationPlatforms) = preSolution
		Debug|Any CPU = Debug|Any CPU
		Release|Any CPU = Release|Any CPU
	EndGlobalSection
	GlobalSection(ProjectConfigurationPlatforms) = postSolution
		{50EAB564-2B91-4A6F-B13A-A5186AB6A314}.Debug|Any CPU.ActiveCfg = Debug|Any CPU
		{50EAB564-2B91-4A6F-B13A-A5186AB6A314}.Debug|Any CPU.Build.0 = Debug|Any CPU
		{50EAB564-2B91-4A6F-B13A-A5186AB6A314}.Release|Any CPU.ActiveCfg = Release|Any CPU
		{50EAB564-2B91-4A6F-B13A-A5186AB6A314}.Release|Any CPU.Build.0 = Release|Any CPU
		{16DCA792-E2B2-4A2C-A0A2-7D054C612F4B}.Debug|Any CPU.ActiveCfg = Debug|Any CPU
		{16DCA792-E2B2-4A2C-A0A2-7D054C612F4B}.Debug|Any CPU.Build.0 = Debug|Any CPU
		{16DCA792-E2B2-4A2C-A0A2-7D054C612F4B}.Release|Any CPU.ActiveCfg = Release|Any CPU
		{16DCA792-E2B2-4A2C-A0A2-7D054C612F4B}.Release|Any CPU.Build.0 = Release|Any CPU
		{F28097AC-04F3-43CC-B498-8C40AB61157A}.Debug|Any CPU.ActiveCfg = Debug|Any CPU
		{F28097AC-04F3-43CC-B498-8C40AB61157A}.Debug|Any CPU.Build.0 = Debug|Any CPU
		{F28097AC-04F3-43CC-B498-8C40AB61157A}.Release|Any CPU.ActiveCfg = Release|Any CPU
		{F28097AC-04F3-43CC-B498-8C40AB61157A}.Release|Any CPU.Build.0 = Release|Any CPU
		{B24CE31E-006C-4899-BA47-CF0CC15BEB5C}.Debug|Any CPU.ActiveCfg = Debug|Any CPU
		{B24CE31E-006C-4899-BA47-CF0CC15BEB5C}.Debug|Any CPU.Build.0 = Debug|Any CPU
		{B24CE31E-006C-4899-BA47-CF0CC15BEB5C}.Release|Any CPU.ActiveCfg = Release|Any CPU
		{B24CE31E-006C-4899-BA47-CF0CC15BEB5C}.Release|Any CPU.Build.0 = Release|Any CPU
	EndGlobalSection
	GlobalSection(SolutionProperties) = preSolution
		HideSolutionNode = FALSE
	EndGlobalSection
	GlobalSection(ExtensibilityGlobals) = postSolution
		SolutionGuid = {BDAA7AA1-C3CF-4C6E-ADA9-287CDE6C6D99}
	EndGlobalSection
EndGlobal
