
Microsoft Visual Studio Solution File, Format Version 12.00
# Visual Studio Version 16
VisualStudioVersion = 16.0.31205.134
MinimumVisualStudioVersion = 10.0.40219.1
Project("{FAE04EC0-301F-11D3-BF4B-00C04F79EFBC}") = "ADT", "ADT\ADT.csproj", "{A5DC493A-7EEA-4FF4-8FFC-3665AD6F2A40}"
EndProject
Project("{FAE04EC0-301F-11D3-BF4B-00C04F79EFBC}") = "TestProject1", "TestProject1\TestProject1.csproj", "{C2ECF7FF-AE93-4075-9B6A-78B96A468267}"
EndProject
Global
	GlobalSection(SolutionConfigurationPlatforms) = preSolution
		Debug|Any CPU = Debug|Any CPU
		Release|Any CPU = Release|Any CPU
	EndGlobalSection
	GlobalSection(ProjectConfigurationPlatforms) = postSolution
		{A5DC493A-7EEA-4FF4-8FFC-3665AD6F2A40}.Debug|Any CPU.ActiveCfg = Debug|Any CPU
		{A5DC493A-7EEA-4FF4-8FFC-3665AD6F2A40}.Debug|Any CPU.Build.0 = Debug|Any CPU
		{A5DC493A-7EEA-4FF4-8FFC-3665AD6F2A40}.Release|Any CPU.ActiveCfg = Release|Any CPU
		{A5DC493A-7EEA-4FF4-8FFC-3665AD6F2A40}.Release|Any CPU.Build.0 = Release|Any CPU
		{C2ECF7FF-AE93-4075-9B6A-78B96A468267}.Debug|Any CPU.ActiveCfg = Debug|Any CPU
		{C2ECF7FF-AE93-4075-9B6A-78B96A468267}.Debug|Any CPU.Build.0 = Debug|Any CPU
		{C2ECF7FF-AE93-4075-9B6A-78B96A468267}.Release|Any CPU.ActiveCfg = Release|Any CPU
		{C2ECF7FF-AE93-4075-9B6A-78B96A468267}.Release|Any CPU.Build.0 = Release|Any CPU
	EndGlobalSection
	GlobalSection(SolutionProperties) = preSolution
		HideSolutionNode = FALSE
	EndGlobalSection
	GlobalSection(ExtensibilityGlobals) = postSolution
		SolutionGuid = {027B6DD8-C6D2-42BE-9335-2CD8DEF764F6}
	EndGlobalSection
EndGlobal
