
Microsoft Visual Studio Solution File, Format Version 12.00
# Visual Studio Version 16
VisualStudioVersion = 16.0.30517.126
MinimumVisualStudioVersion = 10.0.40219.1
Project("{FAE04EC0-301F-11D3-BF4B-00C04F79EFBC}") = "Ex26-WPFTusindfrydGUI", "Ex26-WPFTusindfrydGUI.csproj", "{FC34DAF7-A267-428E-BF12-E7F700ABF65F}"
EndProject
Global
	GlobalSection(SolutionConfigurationPlatforms) = preSolution
		Debug|Any CPU = Debug|Any CPU
		Release|Any CPU = Release|Any CPU
	EndGlobalSection
	GlobalSection(ProjectConfigurationPlatforms) = postSolution
		{FC34DAF7-A267-428E-BF12-E7F700ABF65F}.Debug|Any CPU.ActiveCfg = Debug|Any CPU
		{FC34DAF7-A267-428E-BF12-E7F700ABF65F}.Debug|Any CPU.Build.0 = Debug|Any CPU
		{FC34DAF7-A267-428E-BF12-E7F700ABF65F}.Release|Any CPU.ActiveCfg = Release|Any CPU
		{FC34DAF7-A267-428E-BF12-E7F700ABF65F}.Release|Any CPU.Build.0 = Release|Any CPU
	EndGlobalSection
	GlobalSection(SolutionProperties) = preSolution
		HideSolutionNode = FALSE
	EndGlobalSection
	GlobalSection(ExtensibilityGlobals) = postSolution
		SolutionGuid = {F12018C8-2FD5-44F6-9584-DFC1847415F8}
	EndGlobalSection
EndGlobal
