
Microsoft Visual Studio Solution File, Format Version 12.00
# Visual Studio Version 16
VisualStudioVersion = 16.0.30517.126
MinimumVisualStudioVersion = 10.0.40219.1
Project("{FAE04EC0-301F-11D3-BF4B-00C04F79EFBC}") = "Ex30-ObserverPattern", "Ex30-ObserverPattern.csproj", "{C024F608-EDA1-49C4-90C8-55FDEC9A7868}"
EndProject
Project("{FAE04EC0-301F-11D3-BF4B-00C04F79EFBC}") = "Ex30-ObserverPattern.UnitTest", "..\Ex30-ObserverPattern.UnitTest\Ex30-ObserverPattern.UnitTest.csproj", "{FA7F2DA9-98FA-46B5-908D-F86B3FD5940B}"
EndProject
Global
	GlobalSection(SolutionConfigurationPlatforms) = preSolution
		Debug|Any CPU = Debug|Any CPU
		Release|Any CPU = Release|Any CPU
	EndGlobalSection
	GlobalSection(ProjectConfigurationPlatforms) = postSolution
		{C024F608-EDA1-49C4-90C8-55FDEC9A7868}.Debug|Any CPU.ActiveCfg = Debug|Any CPU
		{C024F608-EDA1-49C4-90C8-55FDEC9A7868}.Debug|Any CPU.Build.0 = Debug|Any CPU
		{C024F608-EDA1-49C4-90C8-55FDEC9A7868}.Release|Any CPU.ActiveCfg = Release|Any CPU
		{C024F608-EDA1-49C4-90C8-55FDEC9A7868}.Release|Any CPU.Build.0 = Release|Any CPU
		{FA7F2DA9-98FA-46B5-908D-F86B3FD5940B}.Debug|Any CPU.ActiveCfg = Debug|Any CPU
		{FA7F2DA9-98FA-46B5-908D-F86B3FD5940B}.Debug|Any CPU.Build.0 = Debug|Any CPU
		{FA7F2DA9-98FA-46B5-908D-F86B3FD5940B}.Release|Any CPU.ActiveCfg = Release|Any CPU
		{FA7F2DA9-98FA-46B5-908D-F86B3FD5940B}.Release|Any CPU.Build.0 = Release|Any CPU
	EndGlobalSection
	GlobalSection(SolutionProperties) = preSolution
		HideSolutionNode = FALSE
	EndGlobalSection
	GlobalSection(ExtensibilityGlobals) = postSolution
		SolutionGuid = {0F250BD2-D5C1-451A-8557-EFAD7BDB8ACF}
	EndGlobalSection
EndGlobal
