
Microsoft Visual Studio Solution File, Format Version 12.00
# Visual Studio Version 16
VisualStudioVersion = 16.0.810.8
MinimumVisualStudioVersion = 10.0.40219.1
Project("{FAE04EC0-301F-11D3-BF4B-00C04F79EFBC}") = "CalculatorAPI", "CalculatorAPI.csproj", "{77163883-4A52-4051-8DD6-712982F5D378}"
EndProject
Global
	GlobalSection(SolutionConfigurationPlatforms) = preSolution
		Debug|Any CPU = Debug|Any CPU
		Release|Any CPU = Release|Any CPU
	EndGlobalSection
	GlobalSection(ProjectConfigurationPlatforms) = postSolution
		{77163883-4A52-4051-8DD6-712982F5D378}.Debug|Any CPU.ActiveCfg = Debug|Any CPU
		{77163883-4A52-4051-8DD6-712982F5D378}.Debug|Any CPU.Build.0 = Debug|Any CPU
		{77163883-4A52-4051-8DD6-712982F5D378}.Release|Any CPU.ActiveCfg = Release|Any CPU
		{77163883-4A52-4051-8DD6-712982F5D378}.Release|Any CPU.Build.0 = Release|Any CPU
	EndGlobalSection
	GlobalSection(SolutionProperties) = preSolution
		HideSolutionNode = FALSE
	EndGlobalSection
	GlobalSection(ExtensibilityGlobals) = postSolution
		SolutionGuid = {ACCCA729-76B6-43A9-896A-6B2D212A5549}
	EndGlobalSection
EndGlobal
