
Microsoft Visual Studio Solution File, Format Version 12.00
# Visual Studio Version 16
VisualStudioVersion = 16.0.30517.126
MinimumVisualStudioVersion = 10.0.40219.1
Project("{FAE04EC0-301F-11D3-BF4B-00C04F79EFBC}") = "Ex31-ObserverPattern2", "Ex31-ObserverPattern2.csproj", "{87AD0738-0C2F-4932-9208-4D183ECB293D}"
EndProject
Global
	GlobalSection(SolutionConfigurationPlatforms) = preSolution
		Debug|Any CPU = Debug|Any CPU
		Release|Any CPU = Release|Any CPU
	EndGlobalSection
	GlobalSection(ProjectConfigurationPlatforms) = postSolution
		{87AD0738-0C2F-4932-9208-4D183ECB293D}.Debug|Any CPU.ActiveCfg = Debug|Any CPU
		{87AD0738-0C2F-4932-9208-4D183ECB293D}.Debug|Any CPU.Build.0 = Debug|Any CPU
		{87AD0738-0C2F-4932-9208-4D183ECB293D}.Release|Any CPU.ActiveCfg = Release|Any CPU
		{87AD0738-0C2F-4932-9208-4D183ECB293D}.Release|Any CPU.Build.0 = Release|Any CPU
	EndGlobalSection
	GlobalSection(SolutionProperties) = preSolution
		HideSolutionNode = FALSE
	EndGlobalSection
	GlobalSection(ExtensibilityGlobals) = postSolution
		SolutionGuid = {CBC0F5B7-EB3D-43A4-BB9F-59990CEA2BAD}
	EndGlobalSection
EndGlobal
